
Microsoft Visual Studio Solution File, Format Version 12.00
# Visual Studio Version 17
VisualStudioVersion = 17.0.32014.148
MinimumVisualStudioVersion = 10.0.40219.1
Project("{FAE04EC0-301F-11D3-BF4B-00C04F79EFBC}") = "SayiTahminOyunu", "SayiTahminOyunu\SayiTahminOyunu.csproj", "{298DE93D-8A48-4296-B556-6A9C4DA8A5FE}"
EndProject
Global
	GlobalSection(SolutionConfigurationPlatforms) = preSolution
		Debug|Any CPU = Debug|Any CPU
		Release|Any CPU = Release|Any CPU
	EndGlobalSection
	GlobalSection(ProjectConfigurationPlatforms) = postSolution
		{298DE93D-8A48-4296-B556-6A9C4DA8A5FE}.Debug|Any CPU.ActiveCfg = Debug|Any CPU
		{298DE93D-8A48-4296-B556-6A9C4DA8A5FE}.Debug|Any CPU.Build.0 = Debug|Any CPU
		{298DE93D-8A48-4296-B556-6A9C4DA8A5FE}.Release|Any CPU.ActiveCfg = Release|Any CPU
		{298DE93D-8A48-4296-B556-6A9C4DA8A5FE}.Release|Any CPU.Build.0 = Release|Any CPU
	EndGlobalSection
	GlobalSection(SolutionProperties) = preSolution
		HideSolutionNode = FALSE
	EndGlobalSection
	GlobalSection(ExtensibilityGlobals) = postSolution
		SolutionGuid = {B908E16F-54F6-40E0-A412-890C46961B89}
	EndGlobalSection
EndGlobal
